// !$*UTF8*$!
{
	archiveVersion = 1;
	classes = {
	};
	objectVersion = 56;
	objects = {

/* Begin PBXAggregateTarget section */
		5234499B2C4328B40093C08A /* TinrocketCommon.xojo_plugin */ = {
			isa = PBXAggregateTarget;
			buildConfigurationList = 5234499E2C4328B40093C08A /* Build configuration list for PBXAggregateTarget "TinrocketCommon.xojo_plugin" */;
			buildPhases = (
				526081202C432E3600DCFB60 /* ShellScript */,
			);
			dependencies = (
				523449A02C4328C00093C08A /* PBXTargetDependency */,
				523449A22C4328C00093C08A /* PBXTargetDependency */,
			);
			name = TinrocketCommon.xojo_plugin;
			productName = "Build and Package Plugin";
		};
/* End PBXAggregateTarget section */

/* Begin PBXBuildFile section */
		521A9E4B2C163C7B0041B0D7 /* rb_plugin_cpp.h in Headers */ = {isa = PBXBuildFile; fileRef = 521A9DBB2C163C7B0041B0D7 /* rb_plugin_cpp.h */; };
		521A9E512C163C7B0041B0D7 /* REALplugin.h in Headers */ = {isa = PBXBuildFile; fileRef = 521A9DC12C163C7B0041B0D7 /* REALplugin.h */; };
		521A9E542C163C7B0041B0D7 /* rb_plugin_cocoa.h in Headers */ = {isa = PBXBuildFile; fileRef = 521A9DC42C163C7B0041B0D7 /* rb_plugin_cocoa.h */; };
		521A9E552C163C7B0041B0D7 /* PluginMainCocoa.mm in Sources */ = {isa = PBXBuildFile; fileRef = 521A9DC62C163C7B0041B0D7 /* PluginMainCocoa.mm */; };
		521A9E562C163C7B0041B0D7 /* PluginMain.cpp in Sources */ = {isa = PBXBuildFile; fileRef = 521A9DC72C163C7B0041B0D7 /* PluginMain.cpp */; };
		5265F3C82C97554500C4438E /* TinrocketCommon-Plugin-macOS.mm in Sources */ = {isa = PBXBuildFile; fileRef = 521A9E6B2C163CB00041B0D7 /* TinrocketCommon-Plugin-macOS.mm */; };
		5265F3C92C97554900C4438E /* TinrocketCommon-Plugin-iOS.mm in Sources */ = {isa = PBXBuildFile; fileRef = 52FCE4002C30B43F004BC698 /* TinrocketCommon-Plugin-iOS.mm */; };
		5265F3CA2C97554B00C4438E /* TinrocketCommon-Plugin-iOS.h in Headers */ = {isa = PBXBuildFile; fileRef = 528A7D952C33876500186058 /* TinrocketCommon-Plugin-iOS.h */; };
		5265F3CC2C9756CB00C4438E /* TRMetalImageView-Plugin-macOS.mm in Sources */ = {isa = PBXBuildFile; fileRef = 5265F3CB2C9756CB00C4438E /* TRMetalImageView-Plugin-macOS.mm */; };
		5265F3CD2C9756D600C4438E /* TRMetalImageView-Plugin-macOS.mm in Sources */ = {isa = PBXBuildFile; fileRef = 5265F3CB2C9756CB00C4438E /* TRMetalImageView-Plugin-macOS.mm */; };
		5265F3CF2C9756FB00C4438E /* TRMetalImageView-Plugin-macOS.h in Headers */ = {isa = PBXBuildFile; fileRef = 5265F3CE2C9756FB00C4438E /* TRMetalImageView-Plugin-macOS.h */; };
		5265F3D02C9756FB00C4438E /* TRMetalImageView-Plugin-macOS.h in Headers */ = {isa = PBXBuildFile; fileRef = 5265F3CE2C9756FB00C4438E /* TRMetalImageView-Plugin-macOS.h */; };
		5265F3EB2C97CA9000C4438E /* TRMetalImageView-Plugin-iOS.mm in Sources */ = {isa = PBXBuildFile; fileRef = 5265F3E92C97CA9000C4438E /* TRMetalImageView-Plugin-iOS.mm */; };
		5265F3EC2C97CA9000C4438E /* TRMetalImageView-Plugin-iOS.mm in Sources */ = {isa = PBXBuildFile; fileRef = 5265F3E92C97CA9000C4438E /* TRMetalImageView-Plugin-iOS.mm */; };
		5265F3ED2C97CA9000C4438E /* TRMetalImageView-Plugin-iOS.h in Headers */ = {isa = PBXBuildFile; fileRef = 5265F3EA2C97CA9000C4438E /* TRMetalImageView-Plugin-iOS.h */; };
		5265F3EE2C97CA9000C4438E /* TRMetalImageView-Plugin-iOS.h in Headers */ = {isa = PBXBuildFile; fileRef = 5265F3EA2C97CA9000C4438E /* TRMetalImageView-Plugin-iOS.h */; };
		5265F3F82C97D0ED00C4438E /* NSValueTRC-Plugin.mm in Sources */ = {isa = PBXBuildFile; fileRef = 5265F3F72C97D0ED00C4438E /* NSValueTRC-Plugin.mm */; };
		5265F3F92C97D0ED00C4438E /* NSValueTRC-Plugin.mm in Sources */ = {isa = PBXBuildFile; fileRef = 5265F3F72C97D0ED00C4438E /* NSValueTRC-Plugin.mm */; };
		5265F3FB2C97D0FA00C4438E /* NSValueTRC-Plugin.h in Headers */ = {isa = PBXBuildFile; fileRef = 5265F3FA2C97D0FA00C4438E /* NSValueTRC-Plugin.h */; };
		5265F3FC2C97D0FA00C4438E /* NSValueTRC-Plugin.h in Headers */ = {isa = PBXBuildFile; fileRef = 5265F3FA2C97D0FA00C4438E /* NSValueTRC-Plugin.h */; };
		528A7D972C33876500186058 /* TinrocketCommon-Plugin-iOS.h in Headers */ = {isa = PBXBuildFile; fileRef = 528A7D952C33876500186058 /* TinrocketCommon-Plugin-iOS.h */; };
		528A7D982C33876800186058 /* TinrocketCommon-Plugin-macOS.mm in Sources */ = {isa = PBXBuildFile; fileRef = 521A9E6B2C163CB00041B0D7 /* TinrocketCommon-Plugin-macOS.mm */; };
		52EE023F2C1795A500771DAA /* TRMetalImageView.h in Headers */ = {isa = PBXBuildFile; fileRef = 52EE023B2C1795A500771DAA /* TRMetalImageView.h */; };
		52EE02402C1795A500771DAA /* TRMetalImageViewLayer.h in Headers */ = {isa = PBXBuildFile; fileRef = 52EE023C2C1795A500771DAA /* TRMetalImageViewLayer.h */; };
		52EE02412C1795A500771DAA /* TRMetalImageViewLayer.m in Sources */ = {isa = PBXBuildFile; fileRef = 52EE023D2C1795A500771DAA /* TRMetalImageViewLayer.m */; };
		52EE02422C1795A500771DAA /* TRMetalImageView.m in Sources */ = {isa = PBXBuildFile; fileRef = 52EE023E2C1795A500771DAA /* TRMetalImageView.m */; };
		52FCE4102C31E98F004BC698 /* rb_plugin.h in Headers */ = {isa = PBXBuildFile; fileRef = 521A9DC02C163C7B0041B0D7 /* rb_plugin.h */; };
		52FCE41F2C32E5E7004BC698 /* TRMetalImageViewLayer.h in Headers */ = {isa = PBXBuildFile; fileRef = 52EE023C2C1795A500771DAA /* TRMetalImageViewLayer.h */; };
		52FCE4202C32E5E7004BC698 /* TRMetalImageView.m in Sources */ = {isa = PBXBuildFile; fileRef = 52EE023E2C1795A500771DAA /* TRMetalImageView.m */; };
		52FCE4212C32E5E7004BC698 /* TRMetalImageView.h in Headers */ = {isa = PBXBuildFile; fileRef = 52EE023B2C1795A500771DAA /* TRMetalImageView.h */; };
		52FCE4222C32E5E7004BC698 /* TRMetalImageViewLayer.m in Sources */ = {isa = PBXBuildFile; fileRef = 52EE023D2C1795A500771DAA /* TRMetalImageViewLayer.m */; };
		52FCE4232C32E5ED004BC698 /* iOSPrefixHeader.h in Headers */ = {isa = PBXBuildFile; fileRef = 521A9DBD2C163C7B0041B0D7 /* iOSPrefixHeader.h */; };
		52FCE4242C32E5F1004BC698 /* REALplugin.h in Headers */ = {isa = PBXBuildFile; fileRef = 521A9DC12C163C7B0041B0D7 /* REALplugin.h */; };
		52FCE4252C32E5F6004BC698 /* rb_plugin_cpp.h in Headers */ = {isa = PBXBuildFile; fileRef = 521A9DBB2C163C7B0041B0D7 /* rb_plugin_cpp.h */; };
		52FCE4262C32E5F6004BC698 /* rb_plugin.h in Headers */ = {isa = PBXBuildFile; fileRef = 521A9DC02C163C7B0041B0D7 /* rb_plugin.h */; };
		52FCE4272C32E5FA004BC698 /* PluginMain.cpp in Sources */ = {isa = PBXBuildFile; fileRef = 521A9DC72C163C7B0041B0D7 /* PluginMain.cpp */; };
		52FCE4292C32E705004BC698 /* UIKit.framework in Frameworks */ = {isa = PBXBuildFile; fileRef = 52FCE4282C32E705004BC698 /* UIKit.framework */; };
		52FCE42D2C32E70C004BC698 /* MetalPerformanceShaders.framework in Frameworks */ = {isa = PBXBuildFile; fileRef = 52FCE42A2C32E70C004BC698 /* MetalPerformanceShaders.framework */; };
		52FCE42E2C32E70C004BC698 /* MetalKit.framework in Frameworks */ = {isa = PBXBuildFile; fileRef = 52FCE42B2C32E70C004BC698 /* MetalKit.framework */; };
		52FCE42F2C32E70C004BC698 /* Metal.framework in Frameworks */ = {isa = PBXBuildFile; fileRef = 52FCE42C2C32E70C004BC698 /* Metal.framework */; };
		52FCE4312C32E712004BC698 /* Foundation.framework in Frameworks */ = {isa = PBXBuildFile; fileRef = 52FCE4302C32E712004BC698 /* Foundation.framework */; };
		52FCE4332C32E720004BC698 /* CoreImage.framework in Frameworks */ = {isa = PBXBuildFile; fileRef = 52FCE4322C32E720004BC698 /* CoreImage.framework */; };
		52FCE4342C32E8DA004BC698 /* TinrocketCommon-PrefixHeader-iOS.pch in Headers */ = {isa = PBXBuildFile; fileRef = 52B884672C30ABC4001CEB64 /* TinrocketCommon-PrefixHeader-iOS.pch */; };
		52FCE43B2C32EB41004BC698 /* Foundation.framework in Frameworks */ = {isa = PBXBuildFile; fileRef = 52FCE4302C32E712004BC698 /* Foundation.framework */; };
		52FCE43F2C32EB53004BC698 /* Foundation.framework in Frameworks */ = {isa = PBXBuildFile; fileRef = 52B8841A2C2DB20A001CEB64 /* Foundation.framework */; };
		52FCE4402C32EB54004BC698 /* Foundation.framework in Frameworks */ = {isa = PBXBuildFile; fileRef = 52B8841A2C2DB20A001CEB64 /* Foundation.framework */; };
		52FCE4412C32EB5F004BC698 /* MetalKit.framework in Frameworks */ = {isa = PBXBuildFile; fileRef = 52FCE42B2C32E70C004BC698 /* MetalKit.framework */; };
		52FCE4422C32EB5F004BC698 /* Metal.framework in Frameworks */ = {isa = PBXBuildFile; fileRef = 52FCE42C2C32E70C004BC698 /* Metal.framework */; };
		52FCE4432C32EB5F004BC698 /* MetalPerformanceShaders.framework in Frameworks */ = {isa = PBXBuildFile; fileRef = 52FCE42A2C32E70C004BC698 /* MetalPerformanceShaders.framework */; };
		52FCE4442C32EB62004BC698 /* CoreImage.framework in Frameworks */ = {isa = PBXBuildFile; fileRef = 52FCE4322C32E720004BC698 /* CoreImage.framework */; };
		52FCE4462C32EBF8004BC698 /* AppKit.framework in Frameworks */ = {isa = PBXBuildFile; fileRef = 52FCE4452C32EBF8004BC698 /* AppKit.framework */; platformFilter = maccatalyst; };
		52FCE4482C32F51C004BC698 /* TinrocketCommon-Plugin-iOS.mm in Sources */ = {isa = PBXBuildFile; fileRef = 52FCE4002C30B43F004BC698 /* TinrocketCommon-Plugin-iOS.mm */; };
/* End PBXBuildFile section */

/* Begin PBXContainerItemProxy section */
		5234499F2C4328C00093C08A /* PBXContainerItemProxy */ = {
			isa = PBXContainerItemProxy;
			containerPortal = 521A9CD52C163C500041B0D7 /* Project object */;
			proxyType = 1;
			remoteGlobalIDString = 52FCE4142C32E5CE004BC698;
			remoteInfo = "TRMetalImageView-XOJO-Plugin-iOS";
		};
		523449A12C4328C00093C08A /* PBXContainerItemProxy */ = {
			isa = PBXContainerItemProxy;
			containerPortal = 521A9CD52C163C500041B0D7 /* Project object */;
			proxyType = 1;
			remoteGlobalIDString = 521A9CDC2C163C500041B0D7;
			remoteInfo = "TRMetalImageView-XOJO-Plugin-macOS";
		};
/* End PBXContainerItemProxy section */

/* Begin PBXFileReference section */
		521A9CDD2C163C500041B0D7 /* libTinrocketCommon-Plugin-macOS.dylib */ = {isa = PBXFileReference; explicitFileType = "compiled.mach-o.dylib"; includeInIndex = 0; path = "libTinrocketCommon-Plugin-macOS.dylib"; sourceTree = BUILT_PRODUCTS_DIR; };
		521A9DBB2C163C7B0041B0D7 /* rb_plugin_cpp.h */ = {isa = PBXFileReference; fileEncoding = 4; lastKnownFileType = sourcecode.c.h; path = rb_plugin_cpp.h; sourceTree = "<group>"; };
		521A9DBD2C163C7B0041B0D7 /* iOSPrefixHeader.h */ = {isa = PBXFileReference; fileEncoding = 4; lastKnownFileType = sourcecode.c.h; path = iOSPrefixHeader.h; sourceTree = "<group>"; };
		521A9DC02C163C7B0041B0D7 /* rb_plugin.h */ = {isa = PBXFileReference; fileEncoding = 4; lastKnownFileType = sourcecode.c.h; path = rb_plugin.h; sourceTree = "<group>"; };
		521A9DC12C163C7B0041B0D7 /* REALplugin.h */ = {isa = PBXFileReference; fileEncoding = 4; lastKnownFileType = sourcecode.c.h; path = REALplugin.h; sourceTree = "<group>"; };
		521A9DC42C163C7B0041B0D7 /* rb_plugin_cocoa.h */ = {isa = PBXFileReference; fileEncoding = 4; lastKnownFileType = sourcecode.c.h; path = rb_plugin_cocoa.h; sourceTree = "<group>"; };
		521A9DC62C163C7B0041B0D7 /* PluginMainCocoa.mm */ = {isa = PBXFileReference; fileEncoding = 4; lastKnownFileType = sourcecode.cpp.objcpp; path = PluginMainCocoa.mm; sourceTree = "<group>"; };
		521A9DC72C163C7B0041B0D7 /* PluginMain.cpp */ = {isa = PBXFileReference; fileEncoding = 4; lastKnownFileType = sourcecode.cpp.cpp; path = PluginMain.cpp; sourceTree = "<group>"; };
		521A9E6B2C163CB00041B0D7 /* TinrocketCommon-Plugin-macOS.mm */ = {isa = PBXFileReference; explicitFileType = sourcecode.cpp.objcpp; path = "TinrocketCommon-Plugin-macOS.mm"; sourceTree = "<group>"; };
		5238756B2C9E10AF009205B8 /* ClassTemplate-Plugin.mm */ = {isa = PBXFileReference; lastKnownFileType = sourcecode.cpp.objcpp; path = "ClassTemplate-Plugin.mm"; sourceTree = "<group>"; };
		5238756C2C9E10AF009205B8 /* ClassTemplate-Plugin.h */ = {isa = PBXFileReference; lastKnownFileType = sourcecode.c.h; path = "ClassTemplate-Plugin.h"; sourceTree = "<group>"; };
		526081242C434D0D00DCFB60 /* Plugin */ = {isa = PBXFileReference; lastKnownFileType = folder; path = Plugin; sourceTree = "<group>"; };
		526081292C434DC300DCFB60 /* Build_and_Package_Plugin.sh */ = {isa = PBXFileReference; lastKnownFileType = text.script.sh; path = Build_and_Package_Plugin.sh; sourceTree = "<group>"; };
		526081702C436E4400DCFB60 /* Clean_Builds_Directory.sh */ = {isa = PBXFileReference; lastKnownFileType = text.script.sh; path = Clean_Builds_Directory.sh; sourceTree = "<group>"; };
		5265F3CB2C9756CB00C4438E /* TRMetalImageView-Plugin-macOS.mm */ = {isa = PBXFileReference; lastKnownFileType = sourcecode.cpp.objcpp; path = "TRMetalImageView-Plugin-macOS.mm"; sourceTree = "<group>"; };
		5265F3CE2C9756FB00C4438E /* TRMetalImageView-Plugin-macOS.h */ = {isa = PBXFileReference; lastKnownFileType = sourcecode.c.h; path = "TRMetalImageView-Plugin-macOS.h"; sourceTree = "<group>"; };
		5265F3E92C97CA9000C4438E /* TRMetalImageView-Plugin-iOS.mm */ = {isa = PBXFileReference; fileEncoding = 4; lastKnownFileType = sourcecode.cpp.objcpp; path = "TRMetalImageView-Plugin-iOS.mm"; sourceTree = "<group>"; };
		5265F3EA2C97CA9000C4438E /* TRMetalImageView-Plugin-iOS.h */ = {isa = PBXFileReference; fileEncoding = 4; lastKnownFileType = sourcecode.c.h; path = "TRMetalImageView-Plugin-iOS.h"; sourceTree = "<group>"; };
		5265F3F72C97D0ED00C4438E /* NSValueTRC-Plugin.mm */ = {isa = PBXFileReference; lastKnownFileType = sourcecode.cpp.objcpp; path = "NSValueTRC-Plugin.mm"; sourceTree = "<group>"; };
		5265F3FA2C97D0FA00C4438E /* NSValueTRC-Plugin.h */ = {isa = PBXFileReference; lastKnownFileType = sourcecode.c.h; path = "NSValueTRC-Plugin.h"; sourceTree = "<group>"; };
		528A7D952C33876500186058 /* TinrocketCommon-Plugin-iOS.h */ = {isa = PBXFileReference; fileEncoding = 4; lastKnownFileType = sourcecode.c.h; path = "TinrocketCommon-Plugin-iOS.h"; sourceTree = "<group>"; };
		52B8841A2C2DB20A001CEB64 /* Foundation.framework */ = {isa = PBXFileReference; lastKnownFileType = wrapper.framework; name = Foundation.framework; path = Platforms/iPhoneOS.platform/Developer/SDKs/iPhoneOS17.2.sdk/System/Library/Frameworks/Foundation.framework; sourceTree = DEVELOPER_DIR; };
		52B884672C30ABC4001CEB64 /* TinrocketCommon-PrefixHeader-iOS.pch */ = {isa = PBXFileReference; fileEncoding = 4; lastKnownFileType = sourcecode.c.h; path = "TinrocketCommon-PrefixHeader-iOS.pch"; sourceTree = "<group>"; };
		52EE023B2C1795A500771DAA /* TRMetalImageView.h */ = {isa = PBXFileReference; fileEncoding = 4; lastKnownFileType = sourcecode.c.h; path = TRMetalImageView.h; sourceTree = "<group>"; };
		52EE023C2C1795A500771DAA /* TRMetalImageViewLayer.h */ = {isa = PBXFileReference; fileEncoding = 4; lastKnownFileType = sourcecode.c.h; path = TRMetalImageViewLayer.h; sourceTree = "<group>"; };
		52EE023D2C1795A500771DAA /* TRMetalImageViewLayer.m */ = {isa = PBXFileReference; explicitFileType = sourcecode.c.objc; fileEncoding = 4; path = TRMetalImageViewLayer.m; sourceTree = "<group>"; };
		52EE023E2C1795A500771DAA /* TRMetalImageView.m */ = {isa = PBXFileReference; explicitFileType = sourcecode.c.objc; fileEncoding = 4; path = TRMetalImageView.m; sourceTree = "<group>"; };
		52FCE4002C30B43F004BC698 /* TinrocketCommon-Plugin-iOS.mm */ = {isa = PBXFileReference; explicitFileType = sourcecode.cpp.objcpp; fileEncoding = 4; path = "TinrocketCommon-Plugin-iOS.mm"; sourceTree = "<group>"; };
		52FCE4152C32E5CE004BC698 /* libTinrocketCommon-Plugin-iOS.dylib */ = {isa = PBXFileReference; explicitFileType = "compiled.mach-o.dylib"; includeInIndex = 0; path = "libTinrocketCommon-Plugin-iOS.dylib"; sourceTree = BUILT_PRODUCTS_DIR; };
		52FCE4282C32E705004BC698 /* UIKit.framework */ = {isa = PBXFileReference; lastKnownFileType = wrapper.framework; name = UIKit.framework; path = Platforms/MacOSX.platform/Developer/SDKs/MacOSX14.2.sdk/System/iOSSupport/System/Library/Frameworks/UIKit.framework; sourceTree = DEVELOPER_DIR; };
		52FCE42A2C32E70C004BC698 /* MetalPerformanceShaders.framework */ = {isa = PBXFileReference; lastKnownFileType = wrapper.framework; name = MetalPerformanceShaders.framework; path = Platforms/MacOSX.platform/Developer/SDKs/MacOSX14.2.sdk/System/Library/Frameworks/MetalPerformanceShaders.framework; sourceTree = DEVELOPER_DIR; };
		52FCE42B2C32E70C004BC698 /* MetalKit.framework */ = {isa = PBXFileReference; lastKnownFileType = wrapper.framework; name = MetalKit.framework; path = Platforms/MacOSX.platform/Developer/SDKs/MacOSX14.2.sdk/System/iOSSupport/System/Library/Frameworks/MetalKit.framework; sourceTree = DEVELOPER_DIR; };
		52FCE42C2C32E70C004BC698 /* Metal.framework */ = {isa = PBXFileReference; lastKnownFileType = wrapper.framework; name = Metal.framework; path = Platforms/MacOSX.platform/Developer/SDKs/MacOSX14.2.sdk/System/Library/Frameworks/Metal.framework; sourceTree = DEVELOPER_DIR; };
		52FCE4302C32E712004BC698 /* Foundation.framework */ = {isa = PBXFileReference; lastKnownFileType = wrapper.framework; name = Foundation.framework; path = Platforms/MacOSX.platform/Developer/SDKs/MacOSX14.2.sdk/System/Library/Frameworks/Foundation.framework; sourceTree = DEVELOPER_DIR; };
		52FCE4322C32E720004BC698 /* CoreImage.framework */ = {isa = PBXFileReference; lastKnownFileType = wrapper.framework; name = CoreImage.framework; path = Platforms/MacOSX.platform/Developer/SDKs/MacOSX14.2.sdk/System/Library/Frameworks/CoreImage.framework; sourceTree = DEVELOPER_DIR; };
		52FCE4452C32EBF8004BC698 /* AppKit.framework */ = {isa = PBXFileReference; lastKnownFileType = wrapper.framework; name = AppKit.framework; path = Platforms/MacOSX.platform/Developer/SDKs/MacOSX14.2.sdk/System/Library/Frameworks/AppKit.framework; sourceTree = DEVELOPER_DIR; };
/* End PBXFileReference section */

/* Begin PBXFrameworksBuildPhase section */
		521A9CDB2C163C500041B0D7 /* Frameworks */ = {
			isa = PBXFrameworksBuildPhase;
			buildActionMask = 2147483647;
			files = (
				52FCE4462C32EBF8004BC698 /* AppKit.framework in Frameworks */,
				52FCE43B2C32EB41004BC698 /* Foundation.framework in Frameworks */,
				52FCE4442C32EB62004BC698 /* CoreImage.framework in Frameworks */,
				52FCE4432C32EB5F004BC698 /* MetalPerformanceShaders.framework in Frameworks */,
				52FCE4412C32EB5F004BC698 /* MetalKit.framework in Frameworks */,
				52FCE4422C32EB5F004BC698 /* Metal.framework in Frameworks */,
				52FCE4402C32EB54004BC698 /* Foundation.framework in Frameworks */,
			);
			runOnlyForDeploymentPostprocessing = 0;
		};
		52FCE4132C32E5CE004BC698 /* Frameworks */ = {
			isa = PBXFrameworksBuildPhase;
			buildActionMask = 2147483647;
			files = (
				52FCE4312C32E712004BC698 /* Foundation.framework in Frameworks */,
				52FCE42E2C32E70C004BC698 /* MetalKit.framework in Frameworks */,
				52FCE42D2C32E70C004BC698 /* MetalPerformanceShaders.framework in Frameworks */,
				52FCE42F2C32E70C004BC698 /* Metal.framework in Frameworks */,
				52FCE4292C32E705004BC698 /* UIKit.framework in Frameworks */,
				52FCE43F2C32EB53004BC698 /* Foundation.framework in Frameworks */,
				52FCE4332C32E720004BC698 /* CoreImage.framework in Frameworks */,
			);
			runOnlyForDeploymentPostprocessing = 0;
		};
/* End PBXFrameworksBuildPhase section */

/* Begin PBXGroup section */
		521A9CD42C163C500041B0D7 = {
			isa = PBXGroup;
			children = (
				526081242C434D0D00DCFB60 /* Plugin */,
				521A9CDF2C163C500041B0D7 /* XOJO Tinrocket Common Plugin */,
				521A9E6A2C163C840041B0D7 /* PluginSDK */,
				521A9CDE2C163C500041B0D7 /* Products */,
				526081272C434D7600DCFB60 /* Build Scripts */,
				521A9E7A2C1641000041B0D7 /* Frameworks */,
			);
			sourceTree = "<group>";
		};
		521A9CDE2C163C500041B0D7 /* Products */ = {
			isa = PBXGroup;
			children = (
				521A9CDD2C163C500041B0D7 /* libTinrocketCommon-Plugin-macOS.dylib */,
				52FCE4152C32E5CE004BC698 /* libTinrocketCommon-Plugin-iOS.dylib */,
			);
			name = Products;
			sourceTree = "<group>";
		};
		521A9CDF2C163C500041B0D7 /* XOJO Tinrocket Common Plugin */ = {
			isa = PBXGroup;
			children = (
				52B884672C30ABC4001CEB64 /* TinrocketCommon-PrefixHeader-iOS.pch */,
				528A7D952C33876500186058 /* TinrocketCommon-Plugin-iOS.h */,
				52FCE4002C30B43F004BC698 /* TinrocketCommon-Plugin-iOS.mm */,
				521A9E6B2C163CB00041B0D7 /* TinrocketCommon-Plugin-macOS.mm */,
				5238756A2C9E10A8009205B8 /* Template */,
				5265F3F52C97D0AE00C4438E /* Foundation */,
				521A9E6D2C1640DA0041B0D7 /* TRMetalImageView */,
			);
			path = "XOJO Tinrocket Common Plugin";
			sourceTree = "<group>";
		};
		521A9CE92C163C7A0041B0D7 /* 2024 R1.1 */ = {
			isa = PBXGroup;
			children = (
				521A9DB82C163C7A0041B0D7 /* Includes */,
				521A9DC52C163C7B0041B0D7 /* GlueCode */,
			);
			path = "2024 R1.1";
			sourceTree = "<group>";
		};
		521A9DB82C163C7A0041B0D7 /* Includes */ = {
			isa = PBXGroup;
			children = (
				521A9DBB2C163C7B0041B0D7 /* rb_plugin_cpp.h */,
				521A9DC02C163C7B0041B0D7 /* rb_plugin.h */,
				521A9DC12C163C7B0041B0D7 /* REALplugin.h */,
				521A9DBD2C163C7B0041B0D7 /* iOSPrefixHeader.h */,
				521A9DC42C163C7B0041B0D7 /* rb_plugin_cocoa.h */,
			);
			path = Includes;
			sourceTree = "<group>";
		};
		521A9DC52C163C7B0041B0D7 /* GlueCode */ = {
			isa = PBXGroup;
			children = (
				521A9DC62C163C7B0041B0D7 /* PluginMainCocoa.mm */,
				521A9DC72C163C7B0041B0D7 /* PluginMain.cpp */,
			);
			path = GlueCode;
			sourceTree = "<group>";
		};
		521A9E6A2C163C840041B0D7 /* PluginSDK */ = {
			isa = PBXGroup;
			children = (
				521A9CE92C163C7A0041B0D7 /* 2024 R1.1 */,
			);
			path = PluginSDK;
			sourceTree = "<group>";
		};
		521A9E6D2C1640DA0041B0D7 /* TRMetalImageView */ = {
			isa = PBXGroup;
			children = (
				5299A07C2C9745730063422B /* Plugin */,
				5299A07B2C97455A0063422B /* Source */,
			);
			path = TRMetalImageView;
			sourceTree = "<group>";
		};
		521A9E7A2C1641000041B0D7 /* Frameworks */ = {
			isa = PBXGroup;
			children = (
				52FCE4452C32EBF8004BC698 /* AppKit.framework */,
				52FCE4322C32E720004BC698 /* CoreImage.framework */,
				52FCE4302C32E712004BC698 /* Foundation.framework */,
				52FCE42C2C32E70C004BC698 /* Metal.framework */,
				52FCE42B2C32E70C004BC698 /* MetalKit.framework */,
				52FCE42A2C32E70C004BC698 /* MetalPerformanceShaders.framework */,
				52FCE4282C32E705004BC698 /* UIKit.framework */,
				52B8841A2C2DB20A001CEB64 /* Foundation.framework */,
			);
			name = Frameworks;
			sourceTree = "<group>";
		};
		5238756A2C9E10A8009205B8 /* Template */ = {
			isa = PBXGroup;
			children = (
				5238756C2C9E10AF009205B8 /* ClassTemplate-Plugin.h */,
				5238756B2C9E10AF009205B8 /* ClassTemplate-Plugin.mm */,
			);
			path = Template;
			sourceTree = "<group>";
		};
		526081272C434D7600DCFB60 /* Build Scripts */ = {
			isa = PBXGroup;
			children = (
				526081292C434DC300DCFB60 /* Build_and_Package_Plugin.sh */,
				526081702C436E4400DCFB60 /* Clean_Builds_Directory.sh */,
			);
			path = "Build Scripts";
			sourceTree = "<group>";
		};
		5265F3F52C97D0AE00C4438E /* Foundation */ = {
			isa = PBXGroup;
			children = (
				5265F3F62C97D0BC00C4438E /* Plugin */,
			);
			path = Foundation;
			sourceTree = "<group>";
		};
		5265F3F62C97D0BC00C4438E /* Plugin */ = {
			isa = PBXGroup;
			children = (
				5265F3FA2C97D0FA00C4438E /* NSValueTRC-Plugin.h */,
				5265F3F72C97D0ED00C4438E /* NSValueTRC-Plugin.mm */,
			);
			path = Plugin;
			sourceTree = "<group>";
		};
		5299A07B2C97455A0063422B /* Source */ = {
			isa = PBXGroup;
			children = (
				52EE023B2C1795A500771DAA /* TRMetalImageView.h */,
				52EE023E2C1795A500771DAA /* TRMetalImageView.m */,
				52EE023C2C1795A500771DAA /* TRMetalImageViewLayer.h */,
				52EE023D2C1795A500771DAA /* TRMetalImageViewLayer.m */,
			);
			path = Source;
			sourceTree = "<group>";
		};
		5299A07C2C9745730063422B /* Plugin */ = {
			isa = PBXGroup;
			children = (
				5265F3CE2C9756FB00C4438E /* TRMetalImageView-Plugin-macOS.h */,
				5265F3CB2C9756CB00C4438E /* TRMetalImageView-Plugin-macOS.mm */,
				5265F3EA2C97CA9000C4438E /* TRMetalImageView-Plugin-iOS.h */,
				5265F3E92C97CA9000C4438E /* TRMetalImageView-Plugin-iOS.mm */,
			);
			path = Plugin;
			sourceTree = "<group>";
		};
/* End PBXGroup section */

/* Begin PBXHeadersBuildPhase section */
		521A9CD92C163C500041B0D7 /* Headers */ = {
			isa = PBXHeadersBuildPhase;
			buildActionMask = 2147483647;
			files = (
				5265F3CF2C9756FB00C4438E /* TRMetalImageView-Plugin-macOS.h in Headers */,
				521A9E4B2C163C7B0041B0D7 /* rb_plugin_cpp.h in Headers */,
				5265F3FB2C97D0FA00C4438E /* NSValueTRC-Plugin.h in Headers */,
				52EE02402C1795A500771DAA /* TRMetalImageViewLayer.h in Headers */,
				5265F3ED2C97CA9000C4438E /* TRMetalImageView-Plugin-iOS.h in Headers */,
				521A9E512C163C7B0041B0D7 /* REALplugin.h in Headers */,
				52FCE4102C31E98F004BC698 /* rb_plugin.h in Headers */,
				521A9E542C163C7B0041B0D7 /* rb_plugin_cocoa.h in Headers */,
				5265F3CA2C97554B00C4438E /* TinrocketCommon-Plugin-iOS.h in Headers */,
				52EE023F2C1795A500771DAA /* TRMetalImageView.h in Headers */,
			);
			runOnlyForDeploymentPostprocessing = 0;
		};
		52FCE4112C32E5CE004BC698 /* Headers */ = {
			isa = PBXHeadersBuildPhase;
			buildActionMask = 2147483647;
			files = (
				5265F3EE2C97CA9000C4438E /* TRMetalImageView-Plugin-iOS.h in Headers */,
				52FCE4242C32E5F1004BC698 /* REALplugin.h in Headers */,
				5265F3D02C9756FB00C4438E /* TRMetalImageView-Plugin-macOS.h in Headers */,
				52FCE4252C32E5F6004BC698 /* rb_plugin_cpp.h in Headers */,
				52FCE4262C32E5F6004BC698 /* rb_plugin.h in Headers */,
				52FCE4342C32E8DA004BC698 /* TinrocketCommon-PrefixHeader-iOS.pch in Headers */,
				528A7D972C33876500186058 /* TinrocketCommon-Plugin-iOS.h in Headers */,
				52FCE4232C32E5ED004BC698 /* iOSPrefixHeader.h in Headers */,
				5265F3FC2C97D0FA00C4438E /* NSValueTRC-Plugin.h in Headers */,
				52FCE41F2C32E5E7004BC698 /* TRMetalImageViewLayer.h in Headers */,
				52FCE4212C32E5E7004BC698 /* TRMetalImageView.h in Headers */,
			);
			runOnlyForDeploymentPostprocessing = 0;
		};
/* End PBXHeadersBuildPhase section */

/* Begin PBXNativeTarget section */
		521A9CDC2C163C500041B0D7 /* TinrocketCommon-Plugin-macOS */ = {
			isa = PBXNativeTarget;
			buildConfigurationList = 521A9CE62C163C500041B0D7 /* Build configuration list for PBXNativeTarget "TinrocketCommon-Plugin-macOS" */;
			buildPhases = (
				521A9CD92C163C500041B0D7 /* Headers */,
				521A9CDA2C163C500041B0D7 /* Sources */,
				521A9CDB2C163C500041B0D7 /* Frameworks */,
			);
			buildRules = (
			);
			dependencies = (
			);
			name = "TinrocketCommon-Plugin-macOS";
			productName = "XOJO TRMetalImageView Plugin";
			productReference = 521A9CDD2C163C500041B0D7 /* libTinrocketCommon-Plugin-macOS.dylib */;
			productType = "com.apple.product-type.library.dynamic";
		};
		52FCE4142C32E5CE004BC698 /* TinrocketCommon-Plugin-iOS */ = {
			isa = PBXNativeTarget;
			buildConfigurationList = 52FCE41B2C32E5CE004BC698 /* Build configuration list for PBXNativeTarget "TinrocketCommon-Plugin-iOS" */;
			buildPhases = (
				52FCE4112C32E5CE004BC698 /* Headers */,
				52FCE4122C32E5CE004BC698 /* Sources */,
				52FCE4132C32E5CE004BC698 /* Frameworks */,
			);
			buildRules = (
			);
			dependencies = (
			);
			name = "TinrocketCommon-Plugin-iOS";
			productName = "TRMetalImageView-XOJO-Plugin-iOS-dylib";
			productReference = 52FCE4152C32E5CE004BC698 /* libTinrocketCommon-Plugin-iOS.dylib */;
			productType = "com.apple.product-type.library.dynamic";
		};
/* End PBXNativeTarget section */

/* Begin PBXProject section */
		521A9CD52C163C500041B0D7 /* Project object */ = {
			isa = PBXProject;
			attributes = {
				BuildIndependentTargetsInParallel = 1;
				LastUpgradeCheck = 1520;
				TargetAttributes = {
					521A9CDC2C163C500041B0D7 = {
						CreatedOnToolsVersion = 15.2;
					};
					5234499B2C4328B40093C08A = {
						CreatedOnToolsVersion = 15.2;
					};
					52FCE4142C32E5CE004BC698 = {
						CreatedOnToolsVersion = 15.2;
					};
				};
			};
			buildConfigurationList = 521A9CD82C163C500041B0D7 /* Build configuration list for PBXProject "XOJO Tinrocket Common Plugin" */;
			compatibilityVersion = "Xcode 14.0";
			developmentRegion = en;
			hasScannedForEncodings = 0;
			knownRegions = (
				en,
				Base,
			);
			mainGroup = 521A9CD42C163C500041B0D7;
			productRefGroup = 521A9CDE2C163C500041B0D7 /* Products */;
			projectDirPath = "";
			projectRoot = "";
			targets = (
				521A9CDC2C163C500041B0D7 /* TinrocketCommon-Plugin-macOS */,
				52FCE4142C32E5CE004BC698 /* TinrocketCommon-Plugin-iOS */,
				5234499B2C4328B40093C08A /* TinrocketCommon.xojo_plugin */,
			);
		};
/* End PBXProject section */

/* Begin PBXShellScriptBuildPhase section */
		526081202C432E3600DCFB60 /* ShellScript */ = {
			isa = PBXShellScriptBuildPhase;
			alwaysOutOfDate = 1;
			buildActionMask = 2147483647;
			files = (
			);
			inputFileListPaths = (
			);
			inputPaths = (
			);
			outputFileListPaths = (
			);
			outputPaths = (
			);
			runOnlyForDeploymentPostprocessing = 0;
			shellPath = /bin/sh;
			shellScript = "# Type a script or drag a script file from your workspace to insert its path.\n\n\"${SRCROOT}/Build Scripts/Build_and_Package_Plugin.sh\"\n";
		};
/* End PBXShellScriptBuildPhase section */

/* Begin PBXSourcesBuildPhase section */
		521A9CDA2C163C500041B0D7 /* Sources */ = {
			isa = PBXSourcesBuildPhase;
			buildActionMask = 2147483647;
			files = (
				5265F3CC2C9756CB00C4438E /* TRMetalImageView-Plugin-macOS.mm in Sources */,
				5265F3EB2C97CA9000C4438E /* TRMetalImageView-Plugin-iOS.mm in Sources */,
				521A9E562C163C7B0041B0D7 /* PluginMain.cpp in Sources */,
				5265F3F82C97D0ED00C4438E /* NSValueTRC-Plugin.mm in Sources */,
				5265F3C92C97554900C4438E /* TinrocketCommon-Plugin-iOS.mm in Sources */,
				5265F3C82C97554500C4438E /* TinrocketCommon-Plugin-macOS.mm in Sources */,
				52EE02422C1795A500771DAA /* TRMetalImageView.m in Sources */,
				52EE02412C1795A500771DAA /* TRMetalImageViewLayer.m in Sources */,
				521A9E552C163C7B0041B0D7 /* PluginMainCocoa.mm in Sources */,
			);
			runOnlyForDeploymentPostprocessing = 0;
		};
		52FCE4122C32E5CE004BC698 /* Sources */ = {
			isa = PBXSourcesBuildPhase;
			buildActionMask = 2147483647;
			files = (
				52FCE4202C32E5E7004BC698 /* TRMetalImageView.m in Sources */,
				5265F3F92C97D0ED00C4438E /* NSValueTRC-Plugin.mm in Sources */,
				5265F3CD2C9756D600C4438E /* TRMetalImageView-Plugin-macOS.mm in Sources */,
				52FCE4222C32E5E7004BC698 /* TRMetalImageViewLayer.m in Sources */,
				5265F3EC2C97CA9000C4438E /* TRMetalImageView-Plugin-iOS.mm in Sources */,
				52FCE4272C32E5FA004BC698 /* PluginMain.cpp in Sources */,
				528A7D982C33876800186058 /* TinrocketCommon-Plugin-macOS.mm in Sources */,
				52FCE4482C32F51C004BC698 /* TinrocketCommon-Plugin-iOS.mm in Sources */,
			);
			runOnlyForDeploymentPostprocessing = 0;
		};
/* End PBXSourcesBuildPhase section */

/* Begin PBXTargetDependency section */
		523449A02C4328C00093C08A /* PBXTargetDependency */ = {
			isa = PBXTargetDependency;
			target = 52FCE4142C32E5CE004BC698 /* TinrocketCommon-Plugin-iOS */;
			targetProxy = 5234499F2C4328C00093C08A /* PBXContainerItemProxy */;
		};
		523449A22C4328C00093C08A /* PBXTargetDependency */ = {
			isa = PBXTargetDependency;
			target = 521A9CDC2C163C500041B0D7 /* TinrocketCommon-Plugin-macOS */;
			targetProxy = 523449A12C4328C00093C08A /* PBXContainerItemProxy */;
		};
/* End PBXTargetDependency section */

/* Begin XCBuildConfiguration section */
		521A9CE42C163C500041B0D7 /* Debug */ = {
			isa = XCBuildConfiguration;
			buildSettings = {
				ALWAYS_SEARCH_USER_PATHS = YES;
				ASSETCATALOG_COMPILER_GENERATE_SWIFT_ASSET_SYMBOL_EXTENSIONS = YES;
				CLANG_ANALYZER_NONNULL = YES;
				CLANG_ANALYZER_NUMBER_OBJECT_CONVERSION = YES_AGGRESSIVE;
				CLANG_CXX_LANGUAGE_STANDARD = "gnu++20";
				CLANG_ENABLE_MODULES = YES;
				CLANG_ENABLE_OBJC_ARC = YES;
				CLANG_ENABLE_OBJC_WEAK = YES;
				CLANG_WARN_BLOCK_CAPTURE_AUTORELEASING = YES;
				CLANG_WARN_BOOL_CONVERSION = YES;
				CLANG_WARN_COMMA = YES;
				CLANG_WARN_CONSTANT_CONVERSION = YES;
				CLANG_WARN_DEPRECATED_OBJC_IMPLEMENTATIONS = YES;
				CLANG_WARN_DIRECT_OBJC_ISA_USAGE = YES_ERROR;
				CLANG_WARN_DOCUMENTATION_COMMENTS = YES;
				CLANG_WARN_EMPTY_BODY = YES;
				CLANG_WARN_ENUM_CONVERSION = YES;
				CLANG_WARN_INFINITE_RECURSION = YES;
				CLANG_WARN_INT_CONVERSION = YES;
				CLANG_WARN_NON_LITERAL_NULL_CONVERSION = YES;
				CLANG_WARN_OBJC_IMPLICIT_RETAIN_SELF = YES;
				CLANG_WARN_OBJC_LITERAL_CONVERSION = YES;
				CLANG_WARN_OBJC_ROOT_CLASS = YES_ERROR;
				CLANG_WARN_QUOTED_INCLUDE_IN_FRAMEWORK_HEADER = YES;
				CLANG_WARN_RANGE_LOOP_ANALYSIS = YES;
				CLANG_WARN_STRICT_PROTOTYPES = YES;
				CLANG_WARN_SUSPICIOUS_MOVE = YES;
				CLANG_WARN_UNGUARDED_AVAILABILITY = YES_AGGRESSIVE;
				CLANG_WARN_UNREACHABLE_CODE = YES;
				CLANG_WARN__DUPLICATE_METHOD_MATCH = YES;
				COPY_PHASE_STRIP = NO;
				DEBUG_INFORMATION_FORMAT = dwarf;
				ENABLE_STRICT_OBJC_MSGSEND = YES;
				ENABLE_TESTABILITY = YES;
				ENABLE_USER_SCRIPT_SANDBOXING = YES;
				GCC_C_LANGUAGE_STANDARD = gnu17;
				GCC_DYNAMIC_NO_PIC = NO;
				GCC_NO_COMMON_BLOCKS = YES;
				GCC_OPTIMIZATION_LEVEL = 0;
				GCC_PREPROCESSOR_DEFINITIONS = (
					"DEBUG=1",
					"$(inherited)",
				);
				GCC_WARN_64_TO_32_BIT_CONVERSION = YES;
				GCC_WARN_ABOUT_RETURN_TYPE = YES_ERROR;
				GCC_WARN_UNDECLARED_SELECTOR = YES;
				GCC_WARN_UNINITIALIZED_AUTOS = YES_AGGRESSIVE;
				GCC_WARN_UNUSED_FUNCTION = YES;
				GCC_WARN_UNUSED_VARIABLE = YES;
				LOCALIZATION_PREFERS_STRING_CATALOGS = YES;
				MACOSX_DEPLOYMENT_TARGET = "$(RECOMMENDED_MACOSX_DEPLOYMENT_TARGET)";
				MTL_ENABLE_DEBUG_INFO = INCLUDE_SOURCE;
				MTL_FAST_MATH = YES;
				ONLY_ACTIVE_ARCH = NO;
				OTHER_LDFLAGS = "";
				SDKROOT = iphoneos;
			};
			name = Debug;
		};
		521A9CE52C163C500041B0D7 /* Release */ = {
			isa = XCBuildConfiguration;
			buildSettings = {
				ALWAYS_SEARCH_USER_PATHS = YES;
				ASSETCATALOG_COMPILER_GENERATE_SWIFT_ASSET_SYMBOL_EXTENSIONS = YES;
				CLANG_ANALYZER_NONNULL = YES;
				CLANG_ANALYZER_NUMBER_OBJECT_CONVERSION = YES_AGGRESSIVE;
				CLANG_CXX_LANGUAGE_STANDARD = "gnu++20";
				CLANG_ENABLE_MODULES = YES;
				CLANG_ENABLE_OBJC_ARC = YES;
				CLANG_ENABLE_OBJC_WEAK = YES;
				CLANG_WARN_BLOCK_CAPTURE_AUTORELEASING = YES;
				CLANG_WARN_BOOL_CONVERSION = YES;
				CLANG_WARN_COMMA = YES;
				CLANG_WARN_CONSTANT_CONVERSION = YES;
				CLANG_WARN_DEPRECATED_OBJC_IMPLEMENTATIONS = YES;
				CLANG_WARN_DIRECT_OBJC_ISA_USAGE = YES_ERROR;
				CLANG_WARN_DOCUMENTATION_COMMENTS = YES;
				CLANG_WARN_EMPTY_BODY = YES;
				CLANG_WARN_ENUM_CONVERSION = YES;
				CLANG_WARN_INFINITE_RECURSION = YES;
				CLANG_WARN_INT_CONVERSION = YES;
				CLANG_WARN_NON_LITERAL_NULL_CONVERSION = YES;
				CLANG_WARN_OBJC_IMPLICIT_RETAIN_SELF = YES;
				CLANG_WARN_OBJC_LITERAL_CONVERSION = YES;
				CLANG_WARN_OBJC_ROOT_CLASS = YES_ERROR;
				CLANG_WARN_QUOTED_INCLUDE_IN_FRAMEWORK_HEADER = YES;
				CLANG_WARN_RANGE_LOOP_ANALYSIS = YES;
				CLANG_WARN_STRICT_PROTOTYPES = YES;
				CLANG_WARN_SUSPICIOUS_MOVE = YES;
				CLANG_WARN_UNGUARDED_AVAILABILITY = YES_AGGRESSIVE;
				CLANG_WARN_UNREACHABLE_CODE = YES;
				CLANG_WARN__DUPLICATE_METHOD_MATCH = YES;
				COPY_PHASE_STRIP = NO;
				DEBUG_INFORMATION_FORMAT = "dwarf-with-dsym";
				ENABLE_NS_ASSERTIONS = NO;
				ENABLE_STRICT_OBJC_MSGSEND = YES;
				ENABLE_USER_SCRIPT_SANDBOXING = YES;
				GCC_C_LANGUAGE_STANDARD = gnu17;
				GCC_NO_COMMON_BLOCKS = YES;
				GCC_WARN_64_TO_32_BIT_CONVERSION = YES;
				GCC_WARN_ABOUT_RETURN_TYPE = YES_ERROR;
				GCC_WARN_UNDECLARED_SELECTOR = YES;
				GCC_WARN_UNINITIALIZED_AUTOS = YES_AGGRESSIVE;
				GCC_WARN_UNUSED_FUNCTION = YES;
				GCC_WARN_UNUSED_VARIABLE = YES;
				LOCALIZATION_PREFERS_STRING_CATALOGS = YES;
				MACOSX_DEPLOYMENT_TARGET = "$(RECOMMENDED_MACOSX_DEPLOYMENT_TARGET)";
				MTL_ENABLE_DEBUG_INFO = NO;
				MTL_FAST_MATH = YES;
				ONLY_ACTIVE_ARCH = NO;
				OTHER_LDFLAGS = "";
				SDKROOT = iphoneos;
			};
			name = Release;
		};
		521A9CE72C163C500041B0D7 /* Debug */ = {
			isa = XCBuildConfiguration;
			buildSettings = {
				CODE_SIGN_STYLE = Automatic;
				DEVELOPMENT_TEAM = 4V3Q8928C7;
				DYLIB_COMPATIBILITY_VERSION = 1;
				DYLIB_CURRENT_VERSION = 1;
				EXECUTABLE_PREFIX = lib;
				PRODUCT_NAME = "$(TARGET_NAME)";
				SDKROOT = macosx;
				SKIP_INSTALL = YES;
			};
			name = Debug;
		};
		521A9CE82C163C500041B0D7 /* Release */ = {
			isa = XCBuildConfiguration;
			buildSettings = {
				CODE_SIGN_STYLE = Automatic;
				DEVELOPMENT_TEAM = 4V3Q8928C7;
				DYLIB_COMPATIBILITY_VERSION = 1;
				DYLIB_CURRENT_VERSION = 1;
				EXECUTABLE_PREFIX = lib;
				PRODUCT_NAME = "$(TARGET_NAME)";
				SDKROOT = macosx;
				SKIP_INSTALL = YES;
			};
			name = Release;
		};
		5234499C2C4328B40093C08A /* Debug */ = {
			isa = XCBuildConfiguration;
			buildSettings = {
				CODE_SIGN_STYLE = Automatic;
				DEVELOPMENT_TEAM = 4V3Q8928C7;
				ENABLE_USER_SCRIPT_SANDBOXING = NO;
				PRODUCT_NAME = "$(TARGET_NAME)";
			};
			name = Debug;
		};
		5234499D2C4328B40093C08A /* Release */ = {
			isa = XCBuildConfiguration;
			buildSettings = {
				CODE_SIGN_STYLE = Automatic;
				DEVELOPMENT_TEAM = 4V3Q8928C7;
				ENABLE_USER_SCRIPT_SANDBOXING = NO;
				PRODUCT_NAME = "$(TARGET_NAME)";
			};
			name = Release;
		};
		52FCE41C2C32E5CE004BC698 /* Debug */ = {
			isa = XCBuildConfiguration;
			buildSettings = {
				ALWAYS_SEARCH_USER_PATHS = YES;
				CODE_SIGN_STYLE = Automatic;
				DEVELOPMENT_TEAM = 4V3Q8928C7;
				DYLIB_COMPATIBILITY_VERSION = 1;
				DYLIB_CURRENT_VERSION = 1;
				EXECUTABLE_PREFIX = lib;
				GCC_PRECOMPILE_PREFIX_HEADER = YES;
				GCC_PREFIX_HEADER = "$(SRCROOT)//XOJO Tinrocket Common Plugin/TinrocketCommon-PrefixHeader-iOS.pch";
				MODULE_VERIFIER_SUPPORTED_LANGUAGES = "objective-c objective-c++";
				MODULE_VERIFIER_SUPPORTED_LANGUAGE_STANDARDS = "gnu17 gnu++20";
				ONLY_ACTIVE_ARCH = NO;
				PRODUCT_NAME = "$(TARGET_NAME)";
				SKIP_INSTALL = YES;
				SUPPORTS_MACCATALYST = NO;
				SUPPORTS_MAC_DESIGNED_FOR_IPHONE_IPAD = NO;
				SUPPORTS_XR_DESIGNED_FOR_IPHONE_IPAD = NO;
				TARGETED_DEVICE_FAMILY = "1,2";
			};
			name = Debug;
		};
		52FCE41D2C32E5CE004BC698 /* Release */ = {
			isa = XCBuildConfiguration;
			buildSettings = {
				ALWAYS_SEARCH_USER_PATHS = YES;
				CODE_SIGN_STYLE = Automatic;
				DEVELOPMENT_TEAM = 4V3Q8928C7;
				DYLIB_COMPATIBILITY_VERSION = 1;
				DYLIB_CURRENT_VERSION = 1;
				EXECUTABLE_PREFIX = lib;
				GCC_PRECOMPILE_PREFIX_HEADER = YES;
				GCC_PREFIX_HEADER = "$(SRCROOT)//XOJO Tinrocket Common Plugin/TinrocketCommon-PrefixHeader-iOS.pch";
				MODULE_VERIFIER_SUPPORTED_LANGUAGES = "objective-c objective-c++";
				MODULE_VERIFIER_SUPPORTED_LANGUAGE_STANDARDS = "gnu17 gnu++20";
				ONLY_ACTIVE_ARCH = NO;
				PRODUCT_NAME = "$(TARGET_NAME)";
				SKIP_INSTALL = YES;
				SUPPORTS_MACCATALYST = NO;
				SUPPORTS_MAC_DESIGNED_FOR_IPHONE_IPAD = NO;
				SUPPORTS_XR_DESIGNED_FOR_IPHONE_IPAD = NO;
				TARGETED_DEVICE_FAMILY = "1,2";
			};
			name = Release;
		};
/* End XCBuildConfiguration section */

/* Begin XCConfigurationList section */
		521A9CD82C163C500041B0D7 /* Build configuration list for PBXProject "XOJO Tinrocket Common Plugin" */ = {
			isa = XCConfigurationList;
			buildConfigurations = (
				521A9CE42C163C500041B0D7 /* Debug */,
				521A9CE52C163C500041B0D7 /* Release */,
			);
			defaultConfigurationIsVisible = 0;
			defaultConfigurationName = Release;
		};
		521A9CE62C163C500041B0D7 /* Build configuration list for PBXNativeTarget "TinrocketCommon-Plugin-macOS" */ = {
			isa = XCConfigurationList;
			buildConfigurations = (
				521A9CE72C163C500041B0D7 /* Debug */,
				521A9CE82C163C500041B0D7 /* Release */,
			);
			defaultConfigurationIsVisible = 0;
			defaultConfigurationName = Release;
		};
		5234499E2C4328B40093C08A /* Build configuration list for PBXAggregateTarget "TinrocketCommon.xojo_plugin" */ = {
			isa = XCConfigurationList;
			buildConfigurations = (
				5234499C2C4328B40093C08A /* Debug */,
				5234499D2C4328B40093C08A /* Release */,
			);
			defaultConfigurationIsVisible = 0;
			defaultConfigurationName = Release;
		};
		52FCE41B2C32E5CE004BC698 /* Build configuration list for PBXNativeTarget "TinrocketCommon-Plugin-iOS" */ = {
			isa = XCConfigurationList;
			buildConfigurations = (
				52FCE41C2C32E5CE004BC698 /* Debug */,
				52FCE41D2C32E5CE004BC698 /* Release */,
			);
			defaultConfigurationIsVisible = 0;
			defaultConfigurationName = Release;
		};
/* End XCConfigurationList section */
	};
	rootObject = 521A9CD52C163C500041B0D7 /* Project object */;
}
